// !$*UTF8*$!
{
	archiveVersion = 1;
	classes = {
	};
	objectVersion = 50;
	objects = {

/* Begin PBXBuildFile section */
		1D01E5402414767B000800C6 /* AppDelegate.swift in Sources */ = {isa = PBXBuildFile; fileRef = 1D01E53F2414767B000800C6 /* AppDelegate.swift */; };
		1D01E5422414767B000800C6 /* SceneDelegate.swift in Sources */ = {isa = PBXBuildFile; fileRef = 1D01E5412414767B000800C6 /* SceneDelegate.swift */; };
		1D01E5452414767B000800C6 /* Captain_s_Log.xcdatamodeld in Sources */ = {isa = PBXBuildFile; fileRef = 1D01E5432414767B000800C6 /* Captain_s_Log.xcdatamodeld */; };
		1D01E5472414767B000800C6 /* ContentView.swift in Sources */ = {isa = PBXBuildFile; fileRef = 1D01E5462414767B000800C6 /* ContentView.swift */; };
		1D01E5492414767C000800C6 /* Assets.xcassets in Resources */ = {isa = PBXBuildFile; fileRef = 1D01E5482414767C000800C6 /* Assets.xcassets */; };
		1D01E54C2414767C000800C6 /* Preview Assets.xcassets in Resources */ = {isa = PBXBuildFile; fileRef = 1D01E54B2414767C000800C6 /* Preview Assets.xcassets */; };
		1D01E55A2414767C000800C6 /* Captain_s_LogTests.swift in Sources */ = {isa = PBXBuildFile; fileRef = 1D01E5592414767C000800C6 /* Captain_s_LogTests.swift */; };
		1D01E5652414767C000800C6 /* Captain_s_LogUITests.swift in Sources */ = {isa = PBXBuildFile; fileRef = 1D01E5642414767C000800C6 /* Captain_s_LogUITests.swift */; };
		1DD49FF32415BA0D006D786D /* Launch Screen.storyboard in Resources */ = {isa = PBXBuildFile; fileRef = 1DD49FF22415BA0D006D786D /* Launch Screen.storyboard */; };
/* End PBXBuildFile section */

/* Begin PBXContainerItemProxy section */
		1D01E5562414767C000800C6 /* PBXContainerItemProxy */ = {
			isa = PBXContainerItemProxy;
			containerPortal = 1D01E5342414767B000800C6 /* Project object */;
			proxyType = 1;
			remoteGlobalIDString = 1D01E53B2414767B000800C6;
			remoteInfo = "Captain's Log";
		};
		1D01E5612414767C000800C6 /* PBXContainerItemProxy */ = {
			isa = PBXContainerItemProxy;
			containerPortal = 1D01E5342414767B000800C6 /* Project object */;
			proxyType = 1;
			remoteGlobalIDString = 1D01E53B2414767B000800C6;
			remoteInfo = "Captain's Log";
		};
/* End PBXContainerItemProxy section */

/* Begin PBXFileReference section */
		1D01E53C2414767B000800C6 /* Captain's Log.app */ = {isa = PBXFileReference; explicitFileType = wrapper.application; includeInIndex = 0; path = "Captain's Log.app"; sourceTree = BUILT_PRODUCTS_DIR; };
		1D01E53F2414767B000800C6 /* AppDelegate.swift */ = {isa = PBXFileReference; lastKnownFileType = sourcecode.swift; path = AppDelegate.swift; sourceTree = "<group>"; };
		1D01E5412414767B000800C6 /* SceneDelegate.swift */ = {isa = PBXFileReference; lastKnownFileType = sourcecode.swift; path = SceneDelegate.swift; sourceTree = "<group>"; };
		1D01E5442414767B000800C6 /* Captain_s_Log.xcdatamodel */ = {isa = PBXFileReference; lastKnownFileType = wrapper.xcdatamodel; path = Captain_s_Log.xcdatamodel; sourceTree = "<group>"; };
		1D01E5462414767B000800C6 /* ContentView.swift */ = {isa = PBXFileReference; indentWidth = 2; lastKnownFileType = sourcecode.swift; path = ContentView.swift; sourceTree = "<group>"; tabWidth = 2; };
		1D01E5482414767C000800C6 /* Assets.xcassets */ = {isa = PBXFileReference; lastKnownFileType = folder.assetcatalog; path = Assets.xcassets; sourceTree = "<group>"; };
		1D01E54B2414767C000800C6 /* Preview Assets.xcassets */ = {isa = PBXFileReference; lastKnownFileType = folder.assetcatalog; path = "Preview Assets.xcassets"; sourceTree = "<group>"; };
		1D01E5502414767C000800C6 /* Info.plist */ = {isa = PBXFileReference; lastKnownFileType = text.plist.xml; path = Info.plist; sourceTree = "<group>"; };
		1D01E5552414767C000800C6 /* Captain's LogTests.xctest */ = {isa = PBXFileReference; explicitFileType = wrapper.cfbundle; includeInIndex = 0; path = "Captain's LogTests.xctest"; sourceTree = BUILT_PRODUCTS_DIR; };
		1D01E5592414767C000800C6 /* Captain_s_LogTests.swift */ = {isa = PBXFileReference; lastKnownFileType = sourcecode.swift; path = Captain_s_LogTests.swift; sourceTree = "<group>"; };
		1D01E55B2414767C000800C6 /* Info.plist */ = {isa = PBXFileReference; lastKnownFileType = text.plist.xml; path = Info.plist; sourceTree = "<group>"; };
		1D01E5602414767C000800C6 /* Captain's LogUITests.xctest */ = {isa = PBXFileReference; explicitFileType = wrapper.cfbundle; includeInIndex = 0; path = "Captain's LogUITests.xctest"; sourceTree = BUILT_PRODUCTS_DIR; };
		1D01E5642414767C000800C6 /* Captain_s_LogUITests.swift */ = {isa = PBXFileReference; lastKnownFileType = sourcecode.swift; path = Captain_s_LogUITests.swift; sourceTree = "<group>"; };
		1D01E5662414767C000800C6 /* Info.plist */ = {isa = PBXFileReference; lastKnownFileType = text.plist.xml; path = Info.plist; sourceTree = "<group>"; };
		1DD49FF22415BA0D006D786D /* Launch Screen.storyboard */ = {isa = PBXFileReference; lastKnownFileType = file.storyboard; path = "Launch Screen.storyboard"; sourceTree = "<group>"; };
/* End PBXFileReference section */

/* Begin PBXFrameworksBuildPhase section */
		1D01E5392414767B000800C6 /* Frameworks */ = {
			isa = PBXFrameworksBuildPhase;
			buildActionMask = 2147483647;
			files = (
			);
			runOnlyForDeploymentPostprocessing = 0;
		};
		1D01E5522414767C000800C6 /* Frameworks */ = {
			isa = PBXFrameworksBuildPhase;
			buildActionMask = 2147483647;
			files = (
			);
			runOnlyForDeploymentPostprocessing = 0;
		};
		1D01E55D2414767C000800C6 /* Frameworks */ = {
			isa = PBXFrameworksBuildPhase;
			buildActionMask = 2147483647;
			files = (
			);
			runOnlyForDeploymentPostprocessing = 0;
		};
/* End PBXFrameworksBuildPhase section */

/* Begin PBXGroup section */
		1D01E5332414767B000800C6 = {
			isa = PBXGroup;
			children = (
				1D01E53E2414767B000800C6 /* Captain's Log */,
				1D01E5582414767C000800C6 /* Captain's LogTests */,
				1D01E5632414767C000800C6 /* Captain's LogUITests */,
				1D01E53D2414767B000800C6 /* Products */,
			);
			sourceTree = "<group>";
		};
		1D01E53D2414767B000800C6 /* Products */ = {
			isa = PBXGroup;
			children = (
				1D01E53C2414767B000800C6 /* Captain's Log.app */,
				1D01E5552414767C000800C6 /* Captain's LogTests.xctest */,
				1D01E5602414767C000800C6 /* Captain's LogUITests.xctest */,
			);
			name = Products;
			sourceTree = "<group>";
		};
		1D01E53E2414767B000800C6 /* Captain's Log */ = {
			isa = PBXGroup;
			children = (
				1D01E53F2414767B000800C6 /* AppDelegate.swift */,
				1D01E5412414767B000800C6 /* SceneDelegate.swift */,
				1D01E5462414767B000800C6 /* ContentView.swift */,
				1D01E5482414767C000800C6 /* Assets.xcassets */,
				1D01E5502414767C000800C6 /* Info.plist */,
				1D01E5432414767B000800C6 /* Captain_s_Log.xcdatamodeld */,
				1D01E54A2414767C000800C6 /* Preview Content */,
				1DD49FF22415BA0D006D786D /* Launch Screen.storyboard */,
			);
			path = "Captain's Log";
			sourceTree = "<group>";
		};
		1D01E54A2414767C000800C6 /* Preview Content */ = {
			isa = PBXGroup;
			children = (
				1D01E54B2414767C000800C6 /* Preview Assets.xcassets */,
			);
			path = "Preview Content";
			sourceTree = "<group>";
		};
		1D01E5582414767C000800C6 /* Captain's LogTests */ = {
			isa = PBXGroup;
			children = (
				1D01E5592414767C000800C6 /* Captain_s_LogTests.swift */,
				1D01E55B2414767C000800C6 /* Info.plist */,
			);
			path = "Captain's LogTests";
			sourceTree = "<group>";
		};
		1D01E5632414767C000800C6 /* Captain's LogUITests */ = {
			isa = PBXGroup;
			children = (
				1D01E5642414767C000800C6 /* Captain_s_LogUITests.swift */,
				1D01E5662414767C000800C6 /* Info.plist */,
			);
			path = "Captain's LogUITests";
			sourceTree = "<group>";
		};
/* End PBXGroup section */

/* Begin PBXNativeTarget section */
		1D01E53B2414767B000800C6 /* Captain's Log */ = {
			isa = PBXNativeTarget;
			buildConfigurationList = 1D01E5692414767C000800C6 /* Build configuration list for PBXNativeTarget "Captain's Log" */;
			buildPhases = (
				1D01E5382414767B000800C6 /* Sources */,
				1D01E5392414767B000800C6 /* Frameworks */,
				1D01E53A2414767B000800C6 /* Resources */,
			);
			buildRules = (
			);
			dependencies = (
			);
			name = "Captain's Log";
			productName = "Captain's Log";
			productReference = 1D01E53C2414767B000800C6 /* Captain's Log.app */;
			productType = "com.apple.product-type.application";
		};
		1D01E5542414767C000800C6 /* Captain's LogTests */ = {
			isa = PBXNativeTarget;
			buildConfigurationList = 1D01E56C2414767C000800C6 /* Build configuration list for PBXNativeTarget "Captain's LogTests" */;
			buildPhases = (
				1D01E5512414767C000800C6 /* Sources */,
				1D01E5522414767C000800C6 /* Frameworks */,
				1D01E5532414767C000800C6 /* Resources */,
			);
			buildRules = (
			);
			dependencies = (
				1D01E5572414767C000800C6 /* PBXTargetDependency */,
			);
			name = "Captain's LogTests";
			productName = "Captain's LogTests";
			productReference = 1D01E5552414767C000800C6 /* Captain's LogTests.xctest */;
			productType = "com.apple.product-type.bundle.unit-test";
		};
		1D01E55F2414767C000800C6 /* Captain's LogUITests */ = {
			isa = PBXNativeTarget;
			buildConfigurationList = 1D01E56F2414767C000800C6 /* Build configuration list for PBXNativeTarget "Captain's LogUITests" */;
			buildPhases = (
				1D01E55C2414767C000800C6 /* Sources */,
				1D01E55D2414767C000800C6 /* Frameworks */,
				1D01E55E2414767C000800C6 /* Resources */,
			);
			buildRules = (
			);
			dependencies = (
				1D01E5622414767C000800C6 /* PBXTargetDependency */,
			);
			name = "Captain's LogUITests";
			productName = "Captain's LogUITests";
			productReference = 1D01E5602414767C000800C6 /* Captain's LogUITests.xctest */;
			productType = "com.apple.product-type.bundle.ui-testing";
		};
/* End PBXNativeTarget section */

/* Begin PBXProject section */
		1D01E5342414767B000800C6 /* Project object */ = {
			isa = PBXProject;
			attributes = {
				LastSwiftUpdateCheck = 1130;
				LastUpgradeCheck = 1130;
				ORGANIZATIONNAME = "Marcos Minond";
				TargetAttributes = {
					1D01E53B2414767B000800C6 = {
						CreatedOnToolsVersion = 11.3.1;
					};
					1D01E5542414767C000800C6 = {
						CreatedOnToolsVersion = 11.3.1;
						TestTargetID = 1D01E53B2414767B000800C6;
					};
					1D01E55F2414767C000800C6 = {
						CreatedOnToolsVersion = 11.3.1;
						TestTargetID = 1D01E53B2414767B000800C6;
					};
				};
			};
			buildConfigurationList = 1D01E5372414767B000800C6 /* Build configuration list for PBXProject "Captain's Log" */;
			compatibilityVersion = "Xcode 9.3";
			developmentRegion = en;
			hasScannedForEncodings = 0;
			knownRegions = (
				en,
				Base,
			);
			mainGroup = 1D01E5332414767B000800C6;
			productRefGroup = 1D01E53D2414767B000800C6 /* Products */;
			projectDirPath = "";
			projectRoot = "";
			targets = (
				1D01E53B2414767B000800C6 /* Captain's Log */,
				1D01E5542414767C000800C6 /* Captain's LogTests */,
				1D01E55F2414767C000800C6 /* Captain's LogUITests */,
			);
		};
/* End PBXProject section */

/* Begin PBXResourcesBuildPhase section */
		1D01E53A2414767B000800C6 /* Resources */ = {
			isa = PBXResourcesBuildPhase;
			buildActionMask = 2147483647;
			files = (
				1DD49FF32415BA0D006D786D /* Launch Screen.storyboard in Resources */,
				1D01E54C2414767C000800C6 /* Preview Assets.xcassets in Resources */,
				1D01E5492414767C000800C6 /* Assets.xcassets in Resources */,
			);
			runOnlyForDeploymentPostprocessing = 0;
		};
		1D01E5532414767C000800C6 /* Resources */ = {
			isa = PBXResourcesBuildPhase;
			buildActionMask = 2147483647;
			files = (
			);
			runOnlyForDeploymentPostprocessing = 0;
		};
		1D01E55E2414767C000800C6 /* Resources */ = {
			isa = PBXResourcesBuildPhase;
			buildActionMask = 2147483647;
			files = (
			);
			runOnlyForDeploymentPostprocessing = 0;
		};
/* End PBXResourcesBuildPhase section */

/* Begin PBXSourcesBuildPhase section */
		1D01E5382414767B000800C6 /* Sources */ = {
			isa = PBXSourcesBuildPhase;
			buildActionMask = 2147483647;
			files = (
				1D01E5452414767B000800C6 /* Captain_s_Log.xcdatamodeld in Sources */,
				1D01E5402414767B000800C6 /* AppDelegate.swift in Sources */,
				1D01E5472414767B000800C6 /* ContentView.swift in Sources */,
				1D01E5422414767B000800C6 /* SceneDelegate.swift in Sources */,
			);
			runOnlyForDeploymentPostprocessing = 0;
		};
		1D01E5512414767C000800C6 /* Sources */ = {
			isa = PBXSourcesBuildPhase;
			buildActionMask = 2147483647;
			files = (
				1D01E55A2414767C000800C6 /* Captain_s_LogTests.swift in Sources */,
			);
			runOnlyForDeploymentPostprocessing = 0;
		};
		1D01E55C2414767C000800C6 /* Sources */ = {
			isa = PBXSourcesBuildPhase;
			buildActionMask = 2147483647;
			files = (
				1D01E5652414767C000800C6 /* Captain_s_LogUITests.swift in Sources */,
			);
			runOnlyForDeploymentPostprocessing = 0;
		};
/* End PBXSourcesBuildPhase section */

/* Begin PBXTargetDependency section */
		1D01E5572414767C000800C6 /* PBXTargetDependency */ = {
			isa = PBXTargetDependency;
			target = 1D01E53B2414767B000800C6 /* Captain's Log */;
			targetProxy = 1D01E5562414767C000800C6 /* PBXContainerItemProxy */;
		};
		1D01E5622414767C000800C6 /* PBXTargetDependency */ = {
			isa = PBXTargetDependency;
			target = 1D01E53B2414767B000800C6 /* Captain's Log */;
			targetProxy = 1D01E5612414767C000800C6 /* PBXContainerItemProxy */;
		};
/* End PBXTargetDependency section */

/* Begin XCBuildConfiguration section */
		1D01E5672414767C000800C6 /* Debug */ = {
			isa = XCBuildConfiguration;
			buildSettings = {
				ALWAYS_SEARCH_USER_PATHS = NO;
				CLANG_ANALYZER_NONNULL = YES;
				CLANG_ANALYZER_NUMBER_OBJECT_CONVERSION = YES_AGGRESSIVE;
				CLANG_CXX_LANGUAGE_STANDARD = "gnu++14";
				CLANG_CXX_LIBRARY = "libc++";
				CLANG_ENABLE_MODULES = YES;
				CLANG_ENABLE_OBJC_ARC = YES;
				CLANG_ENABLE_OBJC_WEAK = YES;
				CLANG_WARN_BLOCK_CAPTURE_AUTORELEASING = YES;
				CLANG_WARN_BOOL_CONVERSION = YES;
				CLANG_WARN_COMMA = YES;
				CLANG_WARN_CONSTANT_CONVERSION = YES;
				CLANG_WARN_DEPRECATED_OBJC_IMPLEMENTATIONS = YES;
				CLANG_WARN_DIRECT_OBJC_ISA_USAGE = YES_ERROR;
				CLANG_WARN_DOCUMENTATION_COMMENTS = YES;
				CLANG_WARN_EMPTY_BODY = YES;
				CLANG_WARN_ENUM_CONVERSION = YES;
				CLANG_WARN_INFINITE_RECURSION = YES;
				CLANG_WARN_INT_CONVERSION = YES;
				CLANG_WARN_NON_LITERAL_NULL_CONVERSION = YES;
				CLANG_WARN_OBJC_IMPLICIT_RETAIN_SELF = YES;
				CLANG_WARN_OBJC_LITERAL_CONVERSION = YES;
				CLANG_WARN_OBJC_ROOT_CLASS = YES_ERROR;
				CLANG_WARN_RANGE_LOOP_ANALYSIS = YES;
				CLANG_WARN_STRICT_PROTOTYPES = YES;
				CLANG_WARN_SUSPICIOUS_MOVE = YES;
				CLANG_WARN_UNGUARDED_AVAILABILITY = YES_AGGRESSIVE;
				CLANG_WARN_UNREACHABLE_CODE = YES;
				CLANG_WARN__DUPLICATE_METHOD_MATCH = YES;
				COPY_PHASE_STRIP = NO;
				DEBUG_INFORMATION_FORMAT = dwarf;
				ENABLE_STRICT_OBJC_MSGSEND = YES;
				ENABLE_TESTABILITY = YES;
				GCC_C_LANGUAGE_STANDARD = gnu11;
				GCC_DYNAMIC_NO_PIC = NO;
				GCC_NO_COMMON_BLOCKS = YES;
				GCC_OPTIMIZATION_LEVEL = 0;
				GCC_PREPROCESSOR_DEFINITIONS = (
					"DEBUG=1",
					"$(inherited)",
				);
				GCC_WARN_64_TO_32_BIT_CONVERSION = YES;
				GCC_WARN_ABOUT_RETURN_TYPE = YES_ERROR;
				GCC_WARN_UNDECLARED_SELECTOR = YES;
				GCC_WARN_UNINITIALIZED_AUTOS = YES_AGGRESSIVE;
				GCC_WARN_UNUSED_FUNCTION = YES;
				GCC_WARN_UNUSED_VARIABLE = YES;
				IPHONEOS_DEPLOYMENT_TARGET = 13.2;
				MTL_ENABLE_DEBUG_INFO = INCLUDE_SOURCE;
				MTL_FAST_MATH = YES;
				ONLY_ACTIVE_ARCH = YES;
				SDKROOT = iphoneos;
				SWIFT_ACTIVE_COMPILATION_CONDITIONS = DEBUG;
				SWIFT_OPTIMIZATION_LEVEL = "-Onone";
			};
			name = Debug;
		};
		1D01E5682414767C000800C6 /* Release */ = {
			isa = XCBuildConfiguration;
			buildSettings = {
				ALWAYS_SEARCH_USER_PATHS = NO;
				CLANG_ANALYZER_NONNULL = YES;
				CLANG_ANALYZER_NUMBER_OBJECT_CONVERSION = YES_AGGRESSIVE;
				CLANG_CXX_LANGUAGE_STANDARD = "gnu++14";
				CLANG_CXX_LIBRARY = "libc++";
				CLANG_ENABLE_MODULES = YES;
				CLANG_ENABLE_OBJC_ARC = YES;
				CLANG_ENABLE_OBJC_WEAK = YES;
				CLANG_WARN_BLOCK_CAPTURE_AUTORELEASING = YES;
				CLANG_WARN_BOOL_CONVERSION = YES;
				CLANG_WARN_COMMA = YES;
				CLANG_WARN_CONSTANT_CONVERSION = YES;
				CLANG_WARN_DEPRECATED_OBJC_IMPLEMENTATIONS = YES;
				CLANG_WARN_DIRECT_OBJC_ISA_USAGE = YES_ERROR;
				CLANG_WARN_DOCUMENTATION_COMMENTS = YES;
				CLANG_WARN_EMPTY_BODY = YES;
				CLANG_WARN_ENUM_CONVERSION = YES;
				CLANG_WARN_INFINITE_RECURSION = YES;
				CLANG_WARN_INT_CONVERSION = YES;
				CLANG_WARN_NON_LITERAL_NULL_CONVERSION = YES;
				CLANG_WARN_OBJC_IMPLICIT_RETAIN_SELF = YES;
				CLANG_WARN_OBJC_LITERAL_CONVERSION = YES;
				CLANG_WARN_OBJC_ROOT_CLASS = YES_ERROR;
				CLANG_WARN_RANGE_LOOP_ANALYSIS = YES;
				CLANG_WARN_STRICT_PROTOTYPES = YES;
				CLANG_WARN_SUSPICIOUS_MOVE = YES;
				CLANG_WARN_UNGUARDED_AVAILABILITY = YES_AGGRESSIVE;
				CLANG_WARN_UNREACHABLE_CODE = YES;
				CLANG_WARN__DUPLICATE_METHOD_MATCH = YES;
				COPY_PHASE_STRIP = NO;
				DEBUG_INFORMATION_FORMAT = "dwarf-with-dsym";
				ENABLE_NS_ASSERTIONS = NO;
				ENABLE_STRICT_OBJC_MSGSEND = YES;
				GCC_C_LANGUAGE_STANDARD = gnu11;
				GCC_NO_COMMON_BLOCKS = YES;
				GCC_WARN_64_TO_32_BIT_CONVERSION = YES;
				GCC_WARN_ABOUT_RETURN_TYPE = YES_ERROR;
				GCC_WARN_UNDECLARED_SELECTOR = YES;
				GCC_WARN_UNINITIALIZED_AUTOS = YES_AGGRESSIVE;
				GCC_WARN_UNUSED_FUNCTION = YES;
				GCC_WARN_UNUSED_VARIABLE = YES;
				IPHONEOS_DEPLOYMENT_TARGET = 13.2;
				MTL_ENABLE_DEBUG_INFO = NO;
				MTL_FAST_MATH = YES;
				SDKROOT = iphoneos;
				SWIFT_COMPILATION_MODE = wholemodule;
				SWIFT_OPTIMIZATION_LEVEL = "-O";
				VALIDATE_PRODUCT = YES;
			};
			name = Release;
		};
		1D01E56A2414767C000800C6 /* Debug */ = {
			isa = XCBuildConfiguration;
			buildSettings = {
				ASSETCATALOG_COMPILER_APPICON_NAME = AppIcon;
				CODE_SIGN_STYLE = Automatic;
				DEVELOPMENT_ASSET_PATHS = "\"Captain's Log/Preview Content\"";
				ENABLE_PREVIEWS = YES;
				INFOPLIST_FILE = "Captain's Log/Info.plist";
				LD_RUNPATH_SEARCH_PATHS = (
					"$(inherited)",
					"@executable_path/Frameworks",
				);
				PRODUCT_BUNDLE_IDENTIFIER = "xyz.minond.captainslog.Captain-s-Log";
				PRODUCT_NAME = "$(TARGET_NAME)";
				SWIFT_VERSION = 5.0;
				TARGETED_DEVICE_FAMILY = "1,2";
			};
			name = Debug;
		};
		1D01E56B2414767C000800C6 /* Release */ = {
			isa = XCBuildConfiguration;
			buildSettings = {
				ASSETCATALOG_COMPILER_APPICON_NAME = AppIcon;
				CODE_SIGN_STYLE = Automatic;
				DEVELOPMENT_ASSET_PATHS = "\"Captain's Log/Preview Content\"";
				ENABLE_PREVIEWS = YES;
				INFOPLIST_FILE = "Captain's Log/Info.plist";
				LD_RUNPATH_SEARCH_PATHS = (
					"$(inherited)",
					"@executable_path/Frameworks",
				);
				PRODUCT_BUNDLE_IDENTIFIER = "xyz.minond.captainslog.Captain-s-Log";
				PRODUCT_NAME = "$(TARGET_NAME)";
				SWIFT_VERSION = 5.0;
				TARGETED_DEVICE_FAMILY = "1,2";
			};
			name = Release;
		};
		1D01E56D2414767C000800C6 /* Debug */ = {
			isa = XCBuildConfiguration;
			buildSettings = {
				ALWAYS_EMBED_SWIFT_STANDARD_LIBRARIES = YES;
				BUNDLE_LOADER = "$(TEST_HOST)";
				CODE_SIGN_STYLE = Automatic;
				INFOPLIST_FILE = "Captain's LogTests/Info.plist";
				IPHONEOS_DEPLOYMENT_TARGET = 13.2;
				LD_RUNPATH_SEARCH_PATHS = (
					"$(inherited)",
					"@executable_path/Frameworks",
					"@loader_path/Frameworks",
				);
				PRODUCT_BUNDLE_IDENTIFIER = "xyz.minond.captainslog.Captain-s-LogTests";
				PRODUCT_NAME = "$(TARGET_NAME)";
				SWIFT_VERSION = 5.0;
				TARGETED_DEVICE_FAMILY = "1,2";
				TEST_HOST = "$(BUILT_PRODUCTS_DIR)/Captain's Log.app/Captain's Log";
			};
			name = Debug;
		};
		1D01E56E2414767C000800C6 /* Release */ = {
			isa = XCBuildConfiguration;
			buildSettings = {
				ALWAYS_EMBED_SWIFT_STANDARD_LIBRARIES = YES;
				BUNDLE_LOADER = "$(TEST_HOST)";
				CODE_SIGN_STYLE = Automatic;
				INFOPLIST_FILE = "Captain's LogTests/Info.plist";
				IPHONEOS_DEPLOYMENT_TARGET = 13.2;
				LD_RUNPATH_SEARCH_PATHS = (
					"$(inherited)",
					"@executable_path/Frameworks",
					"@loader_path/Frameworks",
				);
				PRODUCT_BUNDLE_IDENTIFIER = "xyz.minond.captainslog.Captain-s-LogTests";
				PRODUCT_NAME = "$(TARGET_NAME)";
				SWIFT_VERSION = 5.0;
				TARGETED_DEVICE_FAMILY = "1,2";
				TEST_HOST = "$(BUILT_PRODUCTS_DIR)/Captain's Log.app/Captain's Log";
			};
			name = Release;
		};
		1D01E5702414767C000800C6 /* Debug */ = {
			isa = XCBuildConfiguration;
			buildSettings = {
				ALWAYS_EMBED_SWIFT_STANDARD_LIBRARIES = YES;
				CODE_SIGN_STYLE = Automatic;
				INFOPLIST_FILE = "Captain's LogUITests/Info.plist";
				LD_RUNPATH_SEARCH_PATHS = (
					"$(inherited)",
					"@executable_path/Frameworks",
					"@loader_path/Frameworks",
				);
				PRODUCT_BUNDLE_IDENTIFIER = "xyz.minond.captainslog.Captain-s-LogUITests";
				PRODUCT_NAME = "$(TARGET_NAME)";
				SWIFT_VERSION = 5.0;
				TARGETED_DEVICE_FAMILY = "1,2";
				TEST_TARGET_NAME = "Captain's Log";
			};
			name = Debug;
		};
		1D01E5712414767C000800C6 /* Release */ = {
			isa = XCBuildConfiguration;
			buildSettings = {
				ALWAYS_EMBED_SWIFT_STANDARD_LIBRARIES = YES;
				CODE_SIGN_STYLE = Automatic;
				INFOPLIST_FILE = "Captain's LogUITests/Info.plist";
				LD_RUNPATH_SEARCH_PATHS = (
					"$(inherited)",
					"@executable_path/Frameworks",
					"@loader_path/Frameworks",
				);
				PRODUCT_BUNDLE_IDENTIFIER = "xyz.minond.captainslog.Captain-s-LogUITests";
				PRODUCT_NAME = "$(TARGET_NAME)";
				SWIFT_VERSION = 5.0;
				TARGETED_DEVICE_FAMILY = "1,2";
				TEST_TARGET_NAME = "Captain's Log";
			};
			name = Release;
		};
/* End XCBuildConfiguration section */

/* Begin XCConfigurationList section */
		1D01E5372414767B000800C6 /* Build configuration list for PBXProject "Captain's Log" */ = {
			isa = XCConfigurationList;
			buildConfigurations = (
				1D01E5672414767C000800C6 /* Debug */,
				1D01E5682414767C000800C6 /* Release */,
			);
			defaultConfigurationIsVisible = 0;
			defaultConfigurationName = Release;
		};
		1D01E5692414767C000800C6 /* Build configuration list for PBXNativeTarget "Captain's Log" */ = {
			isa = XCConfigurationList;
			buildConfigurations = (
				1D01E56A2414767C000800C6 /* Debug */,
				1D01E56B2414767C000800C6 /* Release */,
			);
			defaultConfigurationIsVisible = 0;
			defaultConfigurationName = Release;
		};
		1D01E56C2414767C000800C6 /* Build configuration list for PBXNativeTarget "Captain's LogTests" */ = {
			isa = XCConfigurationList;
			buildConfigurations = (
				1D01E56D2414767C000800C6 /* Debug */,
				1D01E56E2414767C000800C6 /* Release */,
			);
			defaultConfigurationIsVisible = 0;
			defaultConfigurationName = Release;
		};
		1D01E56F2414767C000800C6 /* Build configuration list for PBXNativeTarget "Captain's LogUITests" */ = {
			isa = XCConfigurationList;
			buildConfigurations = (
				1D01E5702414767C000800C6 /* Debug */,
				1D01E5712414767C000800C6 /* Release */,
			);
			defaultConfigurationIsVisible = 0;
			defaultConfigurationName = Release;
		};
/* End XCConfigurationList section */

/* Begin XCVersionGroup section */
		1D01E5432414767B000800C6 /* Captain_s_Log.xcdatamodeld */ = {
			isa = XCVersionGroup;
			children = (
				1D01E5442414767B000800C6 /* Captain_s_Log.xcdatamodel */,
			);
			currentVersion = 1D01E5442414767B000800C6 /* Captain_s_Log.xcdatamodel */;
			path = Captain_s_Log.xcdatamodeld;
			sourceTree = "<group>";
			versionGroupType = wrapper.xcdatamodel;
		};
/* End XCVersionGroup section */
	};
	rootObject = 1D01E5342414767B000800C6 /* Project object */;
}
